{
    "name": "xantham",
    "lockfileVersion": 3,
    "requires": true,
    "packages": {
        "": {
            "name": "xantham",
            "dependencies": {
                "solid-js": "*"
            }
        },
        "node_modules/csstype": {
            "version": "3.2.3",
            "resolved": "https://registry.npmjs.org/csstype/-/csstype-3.2.3.tgz",
            "integrity": "sha512-z1HGKcYy2xA8AGQfwrn0PAy+PB7X/GSj3UVJW9qKyn43xWa+gl5nXmU4qqLMRzWVLFC8KusUX8T/0kCiOYpAIQ==",
            "license": "MIT"
        },
        "node_modules/seroval": {
            "version": "1.5.3",
            "resolved": "https://registry.npmjs.org/seroval/-/seroval-1.5.3.tgz",
            "integrity": "sha512-BXe0x4buEeYiIKaRUnth1WqCILQ3k4O67KP/B4pC3pVz0Mv2c96ngA9QDREUYxWY1sb2RZVRqwI9RcpVMyHCVw==",
            "license": "MIT",
            "peer": true,
            "engines": {
                "node": ">=10"
            }
        },
        "node_modules/seroval-plugins": {
            "version": "1.5.3",
            "resolved": "https://registry.npmjs.org/seroval-plugins/-/seroval-plugins-1.5.3.tgz",
            "integrity": "sha512-LhVh4KjjkKmCxOUjoaUwtqbDjyMfnA535yEmmGDuwZcIYtw8ns6tZmeszNTECeUg/3sJpnEjsz/KhQrcPXPw1Q==",
            "license": "MIT",
            "engines": {
                "node": ">=10"
            },
            "peerDependencies": {
                "seroval": "^1.0"
            }
        },
        "node_modules/solid-js": {
            "version": "1.9.12",
            "resolved": "https://registry.npmjs.org/solid-js/-/solid-js-1.9.12.tgz",
            "integrity": "sha512-QzKaSJq2/iDrWR1As6MHZQ8fQkdOBf8GReYb7L5iKwMGceg7HxDcaOHk0at66tNgn9U2U7dXo8ZZpLIAmGMzgw==",
            "license": "MIT",
            "dependencies": {
                "csstype": "^3.1.0",
                "seroval": "~1.5.0",
                "seroval-plugins": "~1.5.0"
            }
        }
    }
}
