{
    "name": "xantham",
    "lockfileVersion": 3,
    "requires": true,
    "packages": {
        "": {
            "name": "xantham",
            "dependencies": {
                "@cloudflare/dynamic-workflows": "*"
            }
        },
        "node_modules/@cloudflare/dynamic-workflows": {
            "version": "0.1.1",
            "resolved": "https://registry.npmjs.org/@cloudflare/dynamic-workflows/-/dynamic-workflows-0.1.1.tgz",
            "integrity": "sha512-sVomQI/cCOHr/Tu/qefnpECctG38ayrePxsUJm8UqllV1HCX9hQ1EW0cFo4HCdU+avQsPVfPiknnlk0oRySlig==",
            "license": "MIT",
            "engines": {
                "node": ">=22"
            }
        }
    }
}
