{
  "name": "xantham",
  "lockfileVersion": 3,
  "requires": true,
  "packages": {
    "": {
      "name": "xantham",
      "devDependencies": {
        "typescript": "7.1.0-dev.20260830.1",
        "typescript-5": "npm:typescript@^5.9.3"
      }
    },
    "node_modules/@typescript/typescript-darwin-arm64": {
      "version": "7.1.0-dev.20260830.1",
      "resolved": "https://registry.npmjs.org/@typescript/typescript-darwin-arm64/-/typescript-darwin-arm64-7.1.0-dev.20260830.1.tgz",
      "integrity": "sha512-qhUW/7KAg/zaCTmtKg+gyP3r68Buld8PIHLgK45+rxCQsQzKq0AL5RIe8nRmgH8GrMp3rX5uYFEz8hJM2r4Tew==",
      "cpu": [
        "arm64"
      ],
      "dev": true,
      "license": "Apache-2.0",
      "optional": true,
      "os": [
        "darwin"
      ],
      "engines": {
        "node": ">=16.20.0"
      }
    },
    "node_modules/@typescript/typescript-darwin-x64": {
      "version": "7.1.0-dev.20260830.1",
      "resolved": "https://registry.npmjs.org/@typescript/typescript-darwin-x64/-/typescript-darwin-x64-7.1.0-dev.20260830.1.tgz",
      "integrity": "sha512-NBc8LrddWv2E+d1zKrP5cXMuU0hpIdB7MIZCpxgcfmhsUuo+jsLy9ktuws4PdX+XyZmbW9PEDRES12WAi/DdEg==",
      "cpu": [
        "x64"
      ],
      "dev": true,
      "license": "Apache-2.0",
      "optional": true,
      "os": [
        "darwin"
      ],
      "engines": {
        "node": ">=16.20.0"
      }
    },
    "node_modules/@typescript/typescript-linux-arm": {
      "version": "7.1.0-dev.20260830.1",
      "resolved": "https://registry.npmjs.org/@typescript/typescript-linux-arm/-/typescript-linux-arm-7.1.0-dev.20260830.1.tgz",
      "integrity": "sha512-GBrFXo6XTn64ZaPM3f2ix9hnwsPcPwPwYTMS/BCmCICRPDjSgAtpV8ZqZrMHoNp7S2BzQjW/UzkqLafl41hEIw==",
      "cpu": [
        "arm"
      ],
      "dev": true,
      "license": "Apache-2.0",
      "optional": true,
      "os": [
        "linux"
      ],
      "engines": {
        "node": ">=16.20.0"
      }
    },
    "node_modules/@typescript/typescript-linux-arm64": {
      "version": "7.1.0-dev.20260830.1",
      "resolved": "https://registry.npmjs.org/@typescript/typescript-linux-arm64/-/typescript-linux-arm64-7.1.0-dev.20260830.1.tgz",
      "integrity": "sha512-/xXknEuRRjWJNnlVC0dbbteVzHlH2ZAlbucSAP/UFohkaCtfS87k6SpG0/VTfwkv7cQEPAIRP6qG9xkVurZPGQ==",
      "cpu": [
        "arm64"
      ],
      "dev": true,
      "license": "Apache-2.0",
      "optional": true,
      "os": [
        "linux"
      ],
      "engines": {
        "node": ">=16.20.0"
      }
    },
    "node_modules/@typescript/typescript-linux-x64": {
      "version": "7.1.0-dev.20260830.1",
      "resolved": "https://registry.npmjs.org/@typescript/typescript-linux-x64/-/typescript-linux-x64-7.1.0-dev.20260830.1.tgz",
      "integrity": "sha512-9LAECeM1QR6fkx83bNd0mB9cCaltfASxI/fZ/rqgrSWcCPq7j2JbdXrIeafP553JWkVidzfzB/tl3tlr2sm6Gw==",
      "cpu": [
        "x64"
      ],
      "dev": true,
      "license": "Apache-2.0",
      "optional": true,
      "os": [
        "linux"
      ],
      "engines": {
        "node": ">=16.20.0"
      }
    },
    "node_modules/@typescript/typescript-win32-arm64": {
      "version": "7.1.0-dev.20260830.1",
      "resolved": "https://registry.npmjs.org/@typescript/typescript-win32-arm64/-/typescript-win32-arm64-7.1.0-dev.20260830.1.tgz",
      "integrity": "sha512-XxXMpOpmhu1dxaY4Y5OJdcKBHDjJaweEOor3hQp7AaKZLueYDDWHT8uzhE+6xye4xxkVzCQjbG/3Hpxdxk8JaA==",
      "cpu": [
        "arm64"
      ],
      "dev": true,
      "license": "Apache-2.0",
      "optional": true,
      "os": [
        "win32"
      ],
      "engines": {
        "node": ">=16.20.0"
      }
    },
    "node_modules/@typescript/typescript-win32-x64": {
      "version": "7.1.0-dev.20260830.1",
      "resolved": "https://registry.npmjs.org/@typescript/typescript-win32-x64/-/typescript-win32-x64-7.1.0-dev.20260830.1.tgz",
      "integrity": "sha512-iU0vE/nik1/WNZ9GwVCYGVw1lWrjdxmkEq2LJbqGdYm0g/noYW92Q8DW/1my0DqX/ggQKLHLfxoR6alWvCENGQ==",
      "cpu": [
        "x64"
      ],
      "dev": true,
      "license": "Apache-2.0",
      "optional": true,
      "os": [
        "win32"
      ],
      "engines": {
        "node": ">=16.20.0"
      }
    },
    "node_modules/typescript": {
      "version": "7.1.0-dev.20260830.1",
      "resolved": "https://registry.npmjs.org/typescript/-/typescript-7.1.0-dev.20260830.1.tgz",
      "integrity": "sha512-eJVnD3qImawDkJhjlH5y+X1jY+ybdFzYnWcBnOZGS4tveuR5sA/+4wKngInLlIASm/Q/trSEM14fMh3d6hyufQ==",
      "dev": true,
      "license": "Apache-2.0",
      "bin": {
        "tsc": "bin/tsc"
      },
      "engines": {
        "node": ">=16.20.0"
      },
      "optionalDependencies": {
        "@typescript/typescript-darwin-arm64": "7.1.0-dev.20260830.1",
        "@typescript/typescript-darwin-x64": "7.1.0-dev.20260830.1",
        "@typescript/typescript-linux-arm": "7.1.0-dev.20260830.1",
        "@typescript/typescript-linux-arm64": "7.1.0-dev.20260830.1",
        "@typescript/typescript-linux-x64": "7.1.0-dev.20260830.1",
        "@typescript/typescript-win32-arm64": "7.1.0-dev.20260830.1",
        "@typescript/typescript-win32-x64": "7.1.0-dev.20260830.1"
      }
    },
    "node_modules/typescript-5": {
      "name": "typescript",
      "version": "5.9.3",
      "resolved": "https://registry.npmjs.org/typescript/-/typescript-5.9.3.tgz",
      "integrity": "sha512-jl1vZzPDinLr9eUt3J/t7V6FgNEw9QjvBPdysz9KfQDD41fQrC2Y4vKQdiaUpFT4bXlb1RHhLpp8wtm6M5TgSw==",
      "dev": true,
      "license": "Apache-2.0",
      "bin": {
        "tsc": "bin/tsc",
        "tsserver": "bin/tsserver"
      },
      "engines": {
        "node": ">=14.17"
      }
    }
  }
}
