{
  "name": "xantham",
  "lockfileVersion": 3,
  "requires": true,
  "packages": {
    "": {
      "name": "xantham",
      "devDependencies": {
        "typescript": "^7.1.0-dev.20260902.1",
        "typescript-5": "npm:typescript@^5.9.3"
      }
    },
    "node_modules/@typescript/typescript-darwin-arm64": {
      "version": "7.1.0-dev.20260902.1",
      "resolved": "https://registry.npmjs.org/@typescript/typescript-darwin-arm64/-/typescript-darwin-arm64-7.1.0-dev.20260902.1.tgz",
      "integrity": "sha512-CA5l2WDJRJrk0AkyBBMorxT/oAbsXmjB7LneTtc88Ks000rs3iGhsWz/qVJOP5ag0eGdbGRqtTwvOg7nz58LdA==",
      "cpu": [
        "arm64"
      ],
      "dev": true,
      "license": "Apache-2.0",
      "optional": true,
      "os": [
        "darwin"
      ],
      "engines": {
        "node": ">=16.20.0"
      }
    },
    "node_modules/@typescript/typescript-darwin-x64": {
      "version": "7.1.0-dev.20260902.1",
      "resolved": "https://registry.npmjs.org/@typescript/typescript-darwin-x64/-/typescript-darwin-x64-7.1.0-dev.20260902.1.tgz",
      "integrity": "sha512-jBiYLWdG8LHgixue3ceaiZvT+M2pFOh0Jb1ej35PTQboiPpDSFN5vzZ15/AKo6ZQ3OYjNEKP2s5XDyZGuSYNYg==",
      "cpu": [
        "x64"
      ],
      "dev": true,
      "license": "Apache-2.0",
      "optional": true,
      "os": [
        "darwin"
      ],
      "engines": {
        "node": ">=16.20.0"
      }
    },
    "node_modules/@typescript/typescript-linux-arm": {
      "version": "7.1.0-dev.20260902.1",
      "resolved": "https://registry.npmjs.org/@typescript/typescript-linux-arm/-/typescript-linux-arm-7.1.0-dev.20260902.1.tgz",
      "integrity": "sha512-0kI7EfWXjyB13BxiAcARVsB0eKJJQh8pMczwPaKBcIE5+VAqbv7AamVepLMpsv/oKjsL7+f5HryXG+W6HwHwQQ==",
      "cpu": [
        "arm"
      ],
      "dev": true,
      "license": "Apache-2.0",
      "optional": true,
      "os": [
        "linux"
      ],
      "engines": {
        "node": ">=16.20.0"
      }
    },
    "node_modules/@typescript/typescript-linux-arm64": {
      "version": "7.1.0-dev.20260902.1",
      "resolved": "https://registry.npmjs.org/@typescript/typescript-linux-arm64/-/typescript-linux-arm64-7.1.0-dev.20260902.1.tgz",
      "integrity": "sha512-/qsGWNMazEckdc3IIBzfvjCWkDFBvY62X/gvI6XZdDiKeBXkutrsRDMbk6uSQdahbNP2nrbVKADb6DXDsRelMA==",
      "cpu": [
        "arm64"
      ],
      "dev": true,
      "license": "Apache-2.0",
      "optional": true,
      "os": [
        "linux"
      ],
      "engines": {
        "node": ">=16.20.0"
      }
    },
    "node_modules/@typescript/typescript-linux-x64": {
      "version": "7.1.0-dev.20260902.1",
      "resolved": "https://registry.npmjs.org/@typescript/typescript-linux-x64/-/typescript-linux-x64-7.1.0-dev.20260902.1.tgz",
      "integrity": "sha512-hU6qGOIoP7IGwks9evV6tSo00/Ltf6O8zHXNfbtRtZCRqZApcQqvZO6LeQ+ZXSMW8EB2E8F8oAMyB2Cn/FfXDw==",
      "cpu": [
        "x64"
      ],
      "dev": true,
      "license": "Apache-2.0",
      "optional": true,
      "os": [
        "linux"
      ],
      "engines": {
        "node": ">=16.20.0"
      }
    },
    "node_modules/@typescript/typescript-win32-arm64": {
      "version": "7.1.0-dev.20260902.1",
      "resolved": "https://registry.npmjs.org/@typescript/typescript-win32-arm64/-/typescript-win32-arm64-7.1.0-dev.20260902.1.tgz",
      "integrity": "sha512-v/6XoF+t5wRoiiFa34SPPVXWAy9G3M84mQlKa24z2jy38F1pxwqm41yenvIiMjcPIK1XjwBjeF1kHqr1J43Ziw==",
      "cpu": [
        "arm64"
      ],
      "dev": true,
      "license": "Apache-2.0",
      "optional": true,
      "os": [
        "win32"
      ],
      "engines": {
        "node": ">=16.20.0"
      }
    },
    "node_modules/@typescript/typescript-win32-x64": {
      "version": "7.1.0-dev.20260902.1",
      "resolved": "https://registry.npmjs.org/@typescript/typescript-win32-x64/-/typescript-win32-x64-7.1.0-dev.20260902.1.tgz",
      "integrity": "sha512-GWmDz4WWi+Fl6OHoLIsZ3LKvGN1zOERPXHFxGhkeVqf/vDiYPi4AHmMpIJC3I5zLc4Ekxavgp0acdEKXjb2GNA==",
      "cpu": [
        "x64"
      ],
      "dev": true,
      "license": "Apache-2.0",
      "optional": true,
      "os": [
        "win32"
      ],
      "engines": {
        "node": ">=16.20.0"
      }
    },
    "node_modules/typescript": {
      "version": "7.1.0-dev.20260902.1",
      "resolved": "https://registry.npmjs.org/typescript/-/typescript-7.1.0-dev.20260902.1.tgz",
      "integrity": "sha512-Q+H2lm/zA8dhOyxUNmIIAqdAB9OkMMuDKsUg8hsTKBpkFLEtlHj8KzWSxuAEiSSgopI4cpltGeTmp+It2LuASQ==",
      "dev": true,
      "license": "Apache-2.0",
      "bin": {
        "tsc": "bin/tsc"
      },
      "engines": {
        "node": ">=16.20.0"
      },
      "optionalDependencies": {
        "@typescript/typescript-darwin-arm64": "7.1.0-dev.20260902.1",
        "@typescript/typescript-darwin-x64": "7.1.0-dev.20260902.1",
        "@typescript/typescript-linux-arm": "7.1.0-dev.20260902.1",
        "@typescript/typescript-linux-arm64": "7.1.0-dev.20260902.1",
        "@typescript/typescript-linux-x64": "7.1.0-dev.20260902.1",
        "@typescript/typescript-win32-arm64": "7.1.0-dev.20260902.1",
        "@typescript/typescript-win32-x64": "7.1.0-dev.20260902.1"
      }
    },
    "node_modules/typescript-5": {
      "name": "typescript",
      "version": "5.9.3",
      "resolved": "https://registry.npmjs.org/typescript/-/typescript-5.9.3.tgz",
      "integrity": "sha512-jl1vZzPDinLr9eUt3J/t7V6FgNEw9QjvBPdysz9KfQDD41fQrC2Y4vKQdiaUpFT4bXlb1RHhLpp8wtm6M5TgSw==",
      "dev": true,
      "license": "Apache-2.0",
      "bin": {
        "tsc": "bin/tsc",
        "tsserver": "bin/tsserver"
      },
      "engines": {
        "node": ">=14.17"
      }
    }
  }
}
