<Solution>
  <Folder Name="/ai/">
    <File Path="CLAUDE.md" />
  </Folder>
  <Folder Name="/docs/">
    <File Path="docs/README.md" />
  </Folder>
  <Folder Name="/misc/">
    <File Path="package.json" />
    <File Path="README.md" />
  </Folder>
  <Folder Name="/src/">
    <Project Path="src/Xantham.Common/Xantham.Common.fsproj" />
    <Project Path="src/Xantham.Decoder/Xantham.Decoder.fsproj" />
    <Project Path="src/Xantham.Fable.Core/Xantham.Fable.Core.fsproj" />
    <Project Path="src/Xantham.Fable/Xantham.Fable.fsproj" />
    <Project Path="src/Xantham.Generator/Xantham.Generator.fsproj" />
    <Project Path="src/Xantham.SimpleGenerator/Xantham.SimpleGenerator.fsproj" />
  </Folder>
  <Folder Name="/tests/">
    <File Path="tests/Signal.test.fsx" />
    <File Path="tests/SignalDotNet.test.fsx" />
    <Project Path="tests/Xantham.Fable.Tests/Xantham.Fable.Tests.fsproj" />
    <Project Path="tests/Xantham.Generator.Tests/Xantham.Generator.Tests.fsproj" />
  </Folder>
</Solution>
