<Solution>
  <Folder Name="/ci/">
    <File Path=".github/workflows/docs.yml" />
    <File Path=".github/workflows/push_master.yml" />
    <File Path=".github/workflows/regressions_test.yml" />
    <Project Path="Build.fsproj" />
  </Folder>
  <Folder Name="/ai/">
    <File Path="AGENTS.md" />
  </Folder>
  <Folder Name="/ai/rules/">
    <File Path=".claude/rules/fable.core.md" />
    <File Path=".claude/rules/fable.md" />
    <File Path=".claude/rules/decoder.md" />
    <File Path=".claude/rules/common.types.md" />
    <File Path=".claude/rules/generator.md" />
  </Folder>
  <Folder Name="/ai/skills/" />
  <Folder Name="/ai/skills/spec-tests/">
    <File Path=".claude/skills/spec-tests/SKILL.md" />
  </Folder>
<!--          DOCUMENTATION         -->
  <Folder Name="/docs/">
    <File Path="docs/index.md" />
  </Folder>
  <Folder Name="/docs/plans/">
    <File Path="docs/plans/generator-extensibility-refactor.md" />
    <File Path="docs/plans/multi-valued-typestore.md" />
    <File Path="docs/plans/post-pr1-progress.md" />
    <File Path="docs/plans/post-pr2-progress.md" />
    <File Path="docs/plans/post-pr3-progress.md" />
    <File Path="docs/plans/post-pr3-re-engineering.md" />
    <File Path="docs/plans/prevent-silent-drops-progress.md" />
  </Folder>
  <Folder Name="/docs/Overview/">
    <File Path="docs/Overview/litmus-tests.md" />
    <File Path="docs/Overview/overview.md" />
    <File Path="docs/Overview/usage.md" />
  </Folder>
  <Folder Name="/docs/Documentation/" />
  <Folder Name="/docs/content/">
    <File Path="docs/content/fsdocs-theme.css" />
  </Folder>
  <Folder Name="/docs/Xantham.Fable/">
    <File Path="docs/Xantham.Fable/Architecture.md" />
    <File Path="docs/Xantham.Fable/Debugging.md" />
    <File Path="docs/Xantham.Fable/GuardedProperties.md" />
    <File Path="docs/Xantham.Fable/QuickStart.md" />
    <File Path="docs/Xantham.Fable/README.md" />
    <File Path="docs/Xantham.Fable/SignalArchitecture.md" />
  </Folder>
  <Folder Name="/docs/Xantham.Decoder/">
    <File Path="docs/Xantham.Decoder/arena-interner.md" />
    <File Path="docs/Xantham.Decoder/code-keys.md" />
    <File Path="docs/Xantham.Decoder/decoder.fsx" />
    <File Path="docs/Xantham.Decoder/graph.md" />
    <File Path="docs/Xantham.Decoder/index.md" />
    <File Path="docs/Xantham.Decoder/names.fsx" />
    <File Path="docs/Xantham.Decoder/runtime.fsx" />
    <File Path="docs/Xantham.Decoder/source-metadata-migration.md" />
  </Folder>
  <Folder Name="/docs/Xantham.Generator/">
    <File Path="docs/Xantham.Generator/generator-context.md" />
    <File Path="docs/Xantham.Generator/index.md" />
    <File Path="docs/Xantham.Generator/paths.md" />
    <File Path="docs/Xantham.Generator/pipeline.fsx" />
    <File Path="docs/Xantham.Generator/typeref-render.md" />
  </Folder>
  <Folder Name="/docs/content/assets/">
    <File Path="docs/content/assets/favicon-16x16.png" />
    <File Path="docs/content/assets/favicon-32x32.png" />
    <File Path="docs/content/assets/favicon.ico" />
  </Folder>
<!--    ===================    -->
<!--    MISCELLANEOUS    -->
  <Folder Name="/misc/sln build/">
    <File Path="Directory.Build.props" />
    <File Path="Directory.Build.targets" />
  </Folder>
  <Folder Name="/misc/">
    <File Path="package.json" />
    <File Path="README.md" />
  </Folder>
<!--    ===================    -->
  <Folder Name="/src/">
    <Project Path="src/Xantham.Common/Xantham.Common.fsproj" />
    <Project Path="src/Xantham.Decoder/Xantham.Decoder.fsproj" />
    <Project Path="src/Xantham.Fable.Core/Xantham.Fable.Core.fsproj" />
    <Project Path="src/Xantham.Fable/Xantham.Fable.fsproj" />
    <Project Path="src/Xantham.Generator/Xantham.Generator.fsproj" />
  </Folder>
  <Folder Name="/tests/">
    <File Path="tests/Signal.test.fsx" />
    <Project Path="tests/Xantham.Decoder.Tests/Xantham.Decoder.Tests.fsproj" />
    <Project Path="tests/Xantham.EndToEnd/Xantham.EndToEnd.fsproj" />
    <Project Path="tests/Xantham.Fable.Tests/Xantham.Fable.Tests.fsproj" />
    <Project Path="tests/Xantham.Generator.Tests/Xantham.Generator.Tests.fsproj" />
  </Folder>
  <Folder Name="/tests/spec-tests/">
    <File Path="tests/Xantham.Generator.Tests/Tests/Name.fs" />
  </Folder>
</Solution>
