{
    "name": "xantham",
    "lockfileVersion": 3,
    "requires": true,
    "packages": {
        "": {
            "name": "xantham",
            "dependencies": {
                "@cloudflare/workers-types": "^4.20260504.1"
            }
        },
        "node_modules/@cloudflare/workers-types": {
            "version": "4.20260505.1",
            "resolved": "https://registry.npmjs.org/@cloudflare/workers-types/-/workers-types-4.20260505.1.tgz",
            "integrity": "sha512-Uz9D2hcwB4/pdnmCU7RsgknY8TQ5st0cQMMN6h/hvWt1TCt99GUkbi6dMgWdP7jXfIfh+S/EI5zQugI9RZn4Bw==",
            "license": "MIT OR Apache-2.0"
        }
    }
}
